
Microsoft Visual Studio Solution File, Format Version 12.00
# Visual Studio Version 17
VisualStudioVersion = 17.11.35327.3
MinimumVisualStudioVersion = 10.0.40219.1
Project("{FAE04EC0-301F-11D3-BF4B-00C04F79EFBC}") = "PortfolioService", "PortfolioService\PortfolioService.csproj", "{4C58950F-16BF-44D3-B496-6CE9798D4909}"
EndProject
Global
	GlobalSection(SolutionConfigurationPlatforms) = preSolution
		Debug|Any CPU = Debug|Any CPU
		Release|Any CPU = Release|Any CPU
	EndGlobalSection
	GlobalSection(ProjectConfigurationPlatforms) = postSolution
		{4C58950F-16BF-44D3-B496-6CE9798D4909}.Debug|Any CPU.ActiveCfg = Debug|Any CPU
		{4C58950F-16BF-44D3-B496-6CE9798D4909}.Debug|Any CPU.Build.0 = Debug|Any CPU
		{4C58950F-16BF-44D3-B496-6CE9798D4909}.Release|Any CPU.ActiveCfg = Release|Any CPU
		{4C58950F-16BF-44D3-B496-6CE9798D4909}.Release|Any CPU.Build.0 = Release|Any CPU
	EndGlobalSection
	GlobalSection(SolutionProperties) = preSolution
		HideSolutionNode = FALSE
	EndGlobalSection
	GlobalSection(ExtensibilityGlobals) = postSolution
		SolutionGuid = {F1C96BCA-1156-4A27-85AF-35D96DD0FE6A}
	EndGlobalSection
EndGlobal
